Microsoft Visual Studio Solution File, Format Version 12.00
# Visual Studio Version 16
VisualStudioVersion = 16.0.29806.167
MinimumVisualStudioVersion = 10.0.40219.1
Project("{930C7802-8A8C-48F9-8165-68863BCCD9DD}") = "AToD.Setup", "Morphic.AToD.Setup\AToD.Setup.wixproj", "{8B686C6D-D3DA-4019-B4B7-A0643F17A7F7}"
EndProject
Project("{9A19103F-16F7-4668-BE54-9A1E7A4F7556}") = "Morphic.Core", "Morphic.Core\Morphic.Core.csproj", "{F05E2E47-8F9B-4C41-827A-2BBC23C1B276}"
EndProject
Project("{9A19103F-16F7-4668-BE54-9A1E7A4F7556}") = "Morphic.InstallerService.Contracts", "Morphic.InstallerService.Contracts\Morphic.InstallerService.Contracts.csproj", "{A8A8C762-6C52-4E77-B009-9715065AB615}"
EndProject
Project("{9A19103F-16F7-4668-BE54-9A1E7A4F7556}") = "Morphic.InstallerService.Client", "Morphic.InstallerService.Client\Morphic.InstallerService.Client.csproj", "{0C1477E9-6870-491B-BED7-B9CD93E994FA}"
EndProject
Project("{9A19103F-16F7-4668-BE54-9A1E7A4F7556}") = "Morphic.InstallerService.IoD", "Morphic.InstallerService.IoD\Morphic.InstallerService.IoD.csproj", "{6C81F755-EA7F-432B-84C0-32FB6CA4DB4B}"
EndProject
Project("{9A19103F-16F7-4668-BE54-9A1E7A4F7556}") = "Morphic.InstallerService", "Morphic.InstallerService\Morphic.InstallerService.csproj", "{0A0F3809-E1BB-45CB-9EE9-605AAE734208}"
EndProject
Global
	GlobalSection(SolutionConfigurationPlatforms) = preSolution
		Debug|Any CPU = Debug|Any CPU
		Debug|x64 = Debug|x64
		Release|Any CPU = Release|Any CPU
		Release|x64 = Release|x64
	EndGlobalSection
	GlobalSection(ProjectConfigurationPlatforms) = postSolution
		{8B686C6D-D3DA-4019-B4B7-A0643F17A7F7}.Debug|Any CPU.ActiveCfg = Debug|x64
		{8B686C6D-D3DA-4019-B4B7-A0643F17A7F7}.Debug|x64.ActiveCfg = Debug|x64
		{8B686C6D-D3DA-4019-B4B7-A0643F17A7F7}.Debug|x64.Build.0 = Debug|x64
		{8B686C6D-D3DA-4019-B4B7-A0643F17A7F7}.Release|Any CPU.ActiveCfg = Debug|x64
		{8B686C6D-D3DA-4019-B4B7-A0643F17A7F7}.Release|Any CPU.Build.0 = Debug|x64
		{8B686C6D-D3DA-4019-B4B7-A0643F17A7F7}.Release|x64.ActiveCfg = Debug|x64
		{8B686C6D-D3DA-4019-B4B7-A0643F17A7F7}.Release|x64.Build.0 = Debug|x64
		{F05E2E47-8F9B-4C41-827A-2BBC23C1B276}.Debug|Any CPU.ActiveCfg = Debug|Any CPU
		{F05E2E47-8F9B-4C41-827A-2BBC23C1B276}.Debug|Any CPU.Build.0 = Debug|Any CPU
		{F05E2E47-8F9B-4C41-827A-2BBC23C1B276}.Debug|x64.ActiveCfg = Debug|x64
		{F05E2E47-8F9B-4C41-827A-2BBC23C1B276}.Debug|x64.Build.0 = Debug|x64
		{F05E2E47-8F9B-4C41-827A-2BBC23C1B276}.Release|Any CPU.ActiveCfg = Release|Any CPU
		{F05E2E47-8F9B-4C41-827A-2BBC23C1B276}.Release|Any CPU.Build.0 = Release|Any CPU
		{F05E2E47-8F9B-4C41-827A-2BBC23C1B276}.Release|x64.ActiveCfg = Release|x64
		{F05E2E47-8F9B-4C41-827A-2BBC23C1B276}.Release|x64.Build.0 = Release|x64
		{A8A8C762-6C52-4E77-B009-9715065AB615}.Debug|Any CPU.ActiveCfg = Debug|Any CPU
		{A8A8C762-6C52-4E77-B009-9715065AB615}.Debug|Any CPU.Build.0 = Debug|Any CPU
		{A8A8C762-6C52-4E77-B009-9715065AB615}.Debug|x64.ActiveCfg = Debug|Any CPU
		{A8A8C762-6C52-4E77-B009-9715065AB615}.Debug|x64.Build.0 = Debug|Any CPU
		{A8A8C762-6C52-4E77-B009-9715065AB615}.Release|Any CPU.ActiveCfg = Release|Any CPU
		{A8A8C762-6C52-4E77-B009-9715065AB615}.Release|Any CPU.Build.0 = Release|Any CPU
		{A8A8C762-6C52-4E77-B009-9715065AB615}.Release|x64.ActiveCfg = Release|Any CPU
		{A8A8C762-6C52-4E77-B009-9715065AB615}.Release|x64.Build.0 = Release|Any CPU
		{0C1477E9-6870-491B-BED7-B9CD93E994FA}.Debug|Any CPU.ActiveCfg = Debug|Any CPU
		{0C1477E9-6870-491B-BED7-B9CD93E994FA}.Debug|Any CPU.Build.0 = Debug|Any CPU
		{0C1477E9-6870-491B-BED7-B9CD93E994FA}.Debug|x64.ActiveCfg = Debug|Any CPU
		{0C1477E9-6870-491B-BED7-B9CD93E994FA}.Debug|x64.Build.0 = Debug|Any CPU
		{0C1477E9-6870-491B-BED7-B9CD93E994FA}.Release|Any CPU.ActiveCfg = Release|Any CPU
		{0C1477E9-6870-491B-BED7-B9CD93E994FA}.Release|Any CPU.Build.0 = Release|Any CPU
		{0C1477E9-6870-491B-BED7-B9CD93E994FA}.Release|x64.ActiveCfg = Release|Any CPU
		{0C1477E9-6870-491B-BED7-B9CD93E994FA}.Release|x64.Build.0 = Release|Any CPU
		{6C81F755-EA7F-432B-84C0-32FB6CA4DB4B}.Debug|Any CPU.ActiveCfg = Debug|Any CPU
		{6C81F755-EA7F-432B-84C0-32FB6CA4DB4B}.Debug|Any CPU.Build.0 = Debug|Any CPU
		{6C81F755-EA7F-432B-84C0-32FB6CA4DB4B}.Debug|x64.ActiveCfg = Debug|Any CPU
		{6C81F755-EA7F-432B-84C0-32FB6CA4DB4B}.Debug|x64.Build.0 = Debug|Any CPU
		{6C81F755-EA7F-432B-84C0-32FB6CA4DB4B}.Release|Any CPU.ActiveCfg = Release|Any CPU
		{6C81F755-EA7F-432B-84C0-32FB6CA4DB4B}.Release|Any CPU.Build.0 = Release|Any CPU
		{6C81F755-EA7F-432B-84C0-32FB6CA4DB4B}.Release|x64.ActiveCfg = Release|Any CPU
		{6C81F755-EA7F-432B-84C0-32FB6CA4DB4B}.Release|x64.Build.0 = Release|Any CPU
		{0A0F3809-E1BB-45CB-9EE9-605AAE734208}.Debug|Any CPU.ActiveCfg = Debug|Any CPU
		{0A0F3809-E1BB-45CB-9EE9-605AAE734208}.Debug|Any CPU.Build.0 = Debug|Any CPU
		{0A0F3809-E1BB-45CB-9EE9-605AAE734208}.Debug|x64.ActiveCfg = Debug|Any CPU
		{0A0F3809-E1BB-45CB-9EE9-605AAE734208}.Debug|x64.Build.0 = Debug|Any CPU
		{0A0F3809-E1BB-45CB-9EE9-605AAE734208}.Release|Any CPU.ActiveCfg = Release|Any CPU
		{0A0F3809-E1BB-45CB-9EE9-605AAE734208}.Release|Any CPU.Build.0 = Release|Any CPU
		{0A0F3809-E1BB-45CB-9EE9-605AAE734208}.Release|x64.ActiveCfg = Release|Any CPU
		{0A0F3809-E1BB-45CB-9EE9-605AAE734208}.Release|x64.Build.0 = Release|Any CPU
	EndGlobalSection
	GlobalSection(SolutionProperties) = preSolution
		HideSolutionNode = FALSE
	EndGlobalSection
	GlobalSection(ExtensibilityGlobals) = postSolution
		SolutionGuid = {DBDF0304-2906-4429-8BFE-46A0F4F91D1B}
	EndGlobalSection
EndGlobal
