
Microsoft Visual Studio Solution File, Format Version 12.00
# Visual Studio Version 16
VisualStudioVersion = 16.0.29806.167
MinimumVisualStudioVersion = 10.0.40219.1
Project("{9A19103F-16F7-4668-BE54-9A1E7A4F7556}") = "MorphicWin", "MorphicWin\MorphicWin.csproj", "{DDEF3455-1396-495E-9BAA-16C8C80AD6F5}"
EndProject
Project("{9A19103F-16F7-4668-BE54-9A1E7A4F7556}") = "MorphicCore", "MorphicCore\MorphicCore.csproj", "{31FB0877-17D1-444F-9506-EE5887A63AF6}"
EndProject
Project("{9A19103F-16F7-4668-BE54-9A1E7A4F7556}") = "MorphicService", "MorphicService\MorphicService.csproj", "{C3C85B67-282B-4D19-AF64-0EE027A9D307}"
EndProject
Project("{9A19103F-16F7-4668-BE54-9A1E7A4F7556}") = "MorphicSettings", "MorphicSettings\MorphicSettings.csproj", "{2AD5A5C8-5538-48C8-838D-97F42ED4ECE1}"
EndProject
Project("{9A19103F-16F7-4668-BE54-9A1E7A4F7556}") = "Morphic.Windows.Native", "Morphic.Windows.Native\Morphic.Windows.Native.csproj", "{98AC1F49-CE2F-4294-8FAD-1A287B0E7824}"
EndProject
Project("{930C7802-8A8C-48F9-8165-68863BCCD9DD}") = "MorphicSetup", "MorphicSetup\MorphicSetup.wixproj", "{8B686C6D-D3DA-4019-B4B7-A0643F17A7F7}"
EndProject
Global
	GlobalSection(SolutionConfigurationPlatforms) = preSolution
		Debug|Any CPU = Debug|Any CPU
		Debug|x86 = Debug|x86
		Release|Any CPU = Release|Any CPU
		Release|x86 = Release|x86
	EndGlobalSection
	GlobalSection(ProjectConfigurationPlatforms) = postSolution
		{DDEF3455-1396-495E-9BAA-16C8C80AD6F5}.Debug|Any CPU.ActiveCfg = Debug|Any CPU
		{DDEF3455-1396-495E-9BAA-16C8C80AD6F5}.Debug|Any CPU.Build.0 = Debug|Any CPU
		{DDEF3455-1396-495E-9BAA-16C8C80AD6F5}.Debug|x86.ActiveCfg = Debug|Any CPU
		{DDEF3455-1396-495E-9BAA-16C8C80AD6F5}.Debug|x86.Build.0 = Debug|Any CPU
		{DDEF3455-1396-495E-9BAA-16C8C80AD6F5}.Release|Any CPU.ActiveCfg = Release|Any CPU
		{DDEF3455-1396-495E-9BAA-16C8C80AD6F5}.Release|Any CPU.Build.0 = Release|Any CPU
		{DDEF3455-1396-495E-9BAA-16C8C80AD6F5}.Release|x86.ActiveCfg = Release|Any CPU
		{DDEF3455-1396-495E-9BAA-16C8C80AD6F5}.Release|x86.Build.0 = Release|Any CPU
		{31FB0877-17D1-444F-9506-EE5887A63AF6}.Debug|Any CPU.ActiveCfg = Debug|Any CPU
		{31FB0877-17D1-444F-9506-EE5887A63AF6}.Debug|Any CPU.Build.0 = Debug|Any CPU
		{31FB0877-17D1-444F-9506-EE5887A63AF6}.Debug|x86.ActiveCfg = Debug|Any CPU
		{31FB0877-17D1-444F-9506-EE5887A63AF6}.Debug|x86.Build.0 = Debug|Any CPU
		{31FB0877-17D1-444F-9506-EE5887A63AF6}.Release|Any CPU.ActiveCfg = Release|Any CPU
		{31FB0877-17D1-444F-9506-EE5887A63AF6}.Release|Any CPU.Build.0 = Release|Any CPU
		{31FB0877-17D1-444F-9506-EE5887A63AF6}.Release|x86.ActiveCfg = Release|Any CPU
		{31FB0877-17D1-444F-9506-EE5887A63AF6}.Release|x86.Build.0 = Release|Any CPU
		{C3C85B67-282B-4D19-AF64-0EE027A9D307}.Debug|Any CPU.ActiveCfg = Debug|Any CPU
		{C3C85B67-282B-4D19-AF64-0EE027A9D307}.Debug|Any CPU.Build.0 = Debug|Any CPU
		{C3C85B67-282B-4D19-AF64-0EE027A9D307}.Debug|x86.ActiveCfg = Debug|Any CPU
		{C3C85B67-282B-4D19-AF64-0EE027A9D307}.Debug|x86.Build.0 = Debug|Any CPU
		{C3C85B67-282B-4D19-AF64-0EE027A9D307}.Release|Any CPU.ActiveCfg = Release|Any CPU
		{C3C85B67-282B-4D19-AF64-0EE027A9D307}.Release|Any CPU.Build.0 = Release|Any CPU
		{C3C85B67-282B-4D19-AF64-0EE027A9D307}.Release|x86.ActiveCfg = Release|Any CPU
		{C3C85B67-282B-4D19-AF64-0EE027A9D307}.Release|x86.Build.0 = Release|Any CPU
		{2AD5A5C8-5538-48C8-838D-97F42ED4ECE1}.Debug|Any CPU.ActiveCfg = Debug|Any CPU
		{2AD5A5C8-5538-48C8-838D-97F42ED4ECE1}.Debug|Any CPU.Build.0 = Debug|Any CPU
		{2AD5A5C8-5538-48C8-838D-97F42ED4ECE1}.Debug|x86.ActiveCfg = Debug|Any CPU
		{2AD5A5C8-5538-48C8-838D-97F42ED4ECE1}.Debug|x86.Build.0 = Debug|Any CPU
		{2AD5A5C8-5538-48C8-838D-97F42ED4ECE1}.Release|Any CPU.ActiveCfg = Release|Any CPU
		{2AD5A5C8-5538-48C8-838D-97F42ED4ECE1}.Release|Any CPU.Build.0 = Release|Any CPU
		{2AD5A5C8-5538-48C8-838D-97F42ED4ECE1}.Release|x86.ActiveCfg = Release|Any CPU
		{2AD5A5C8-5538-48C8-838D-97F42ED4ECE1}.Release|x86.Build.0 = Release|Any CPU
		{98AC1F49-CE2F-4294-8FAD-1A287B0E7824}.Debug|Any CPU.ActiveCfg = Debug|Any CPU
		{98AC1F49-CE2F-4294-8FAD-1A287B0E7824}.Debug|Any CPU.Build.0 = Debug|Any CPU
		{98AC1F49-CE2F-4294-8FAD-1A287B0E7824}.Debug|x86.ActiveCfg = Debug|Any CPU
		{98AC1F49-CE2F-4294-8FAD-1A287B0E7824}.Debug|x86.Build.0 = Debug|Any CPU
		{98AC1F49-CE2F-4294-8FAD-1A287B0E7824}.Release|Any CPU.ActiveCfg = Release|Any CPU
		{98AC1F49-CE2F-4294-8FAD-1A287B0E7824}.Release|Any CPU.Build.0 = Release|Any CPU
		{98AC1F49-CE2F-4294-8FAD-1A287B0E7824}.Release|x86.ActiveCfg = Release|Any CPU
		{98AC1F49-CE2F-4294-8FAD-1A287B0E7824}.Release|x86.Build.0 = Release|Any CPU
		{8B686C6D-D3DA-4019-B4B7-A0643F17A7F7}.Debug|Any CPU.ActiveCfg = Debug|x86
		{8B686C6D-D3DA-4019-B4B7-A0643F17A7F7}.Debug|x86.ActiveCfg = Debug|x86
		{8B686C6D-D3DA-4019-B4B7-A0643F17A7F7}.Debug|x86.Build.0 = Debug|x86
		{8B686C6D-D3DA-4019-B4B7-A0643F17A7F7}.Release|Any CPU.ActiveCfg = Release|x86
		{8B686C6D-D3DA-4019-B4B7-A0643F17A7F7}.Release|x86.ActiveCfg = Release|x86
		{8B686C6D-D3DA-4019-B4B7-A0643F17A7F7}.Release|x86.Build.0 = Release|x86
	EndGlobalSection
	GlobalSection(SolutionProperties) = preSolution
		HideSolutionNode = FALSE
	EndGlobalSection
	GlobalSection(ExtensibilityGlobals) = postSolution
		SolutionGuid = {DBDF0304-2906-4429-8BFE-46A0F4F91D1B}
	EndGlobalSection
EndGlobal
