
Microsoft Visual Studio Solution File, Format Version 12.00
# Visual Studio Version 16
VisualStudioVersion = 16.0.29806.167
MinimumVisualStudioVersion = 10.0.40219.1
Project("{9A19103F-16F7-4668-BE54-9A1E7A4F7556}") = "MorphicService", "MorphicService\MorphicService.csproj", "{C3C85B67-282B-4D19-AF64-0EE027A9D307}"
EndProject
Project("{9A19103F-16F7-4668-BE54-9A1E7A4F7556}") = "Morphic.Windows.Native", "Morphic.Windows.Native\Morphic.Windows.Native.csproj", "{98AC1F49-CE2F-4294-8FAD-1A287B0E7824}"
EndProject
Project("{9A19103F-16F7-4668-BE54-9A1E7A4F7556}") = "MorphicSettings.Tests", "MorphicSettings.Tests\MorphicSettings.Tests.csproj", "{BE41A067-66B6-4F13-AABA-910D4B8F567A}"
EndProject
Project("{930C7802-8A8C-48F9-8165-68863BCCD9DD}") = "Morphic.Setup", "Morphic.Setup\Morphic.Setup.wixproj", "{8B686C6D-D3DA-4019-B4B7-A0643F17A7F7}"
EndProject
Project("{9A19103F-16F7-4668-BE54-9A1E7A4F7556}") = "Morphic.Client", "Morphic.Client\Morphic.Client.csproj", "{2485B22B-5C46-46F1-A466-F8A5B7E28C64}"
EndProject
Project("{9A19103F-16F7-4668-BE54-9A1E7A4F7556}") = "Morphic.Core", "Morphic.Core\Morphic.Core.csproj", "{F05E2E47-8F9B-4C41-827A-2BBC23C1B276}"
EndProject
Project("{9A19103F-16F7-4668-BE54-9A1E7A4F7556}") = "Morphic.Core.Tests", "Morphic.Core.Tests\Morphic.Core.Tests.csproj", "{2FECA817-61F1-4E33-8CDC-2918B87CA5EF}"
EndProject
Project("{9A19103F-16F7-4668-BE54-9A1E7A4F7556}") = "Morphic.Settings", "Morphic.Settings\Morphic.Settings.csproj", "{1EACE557-C098-4146-AEB8-89B0AEC6A823}"
EndProject
Global
	GlobalSection(SolutionConfigurationPlatforms) = preSolution
		Debug|Any CPU = Debug|Any CPU
		Debug|x64 = Debug|x64
		Release|Any CPU = Release|Any CPU
		Release|x64 = Release|x64
	EndGlobalSection
	GlobalSection(ProjectConfigurationPlatforms) = postSolution
		{C3C85B67-282B-4D19-AF64-0EE027A9D307}.Debug|Any CPU.ActiveCfg = Debug|Any CPU
		{C3C85B67-282B-4D19-AF64-0EE027A9D307}.Debug|Any CPU.Build.0 = Debug|Any CPU
		{C3C85B67-282B-4D19-AF64-0EE027A9D307}.Debug|x64.ActiveCfg = Debug|x64
		{C3C85B67-282B-4D19-AF64-0EE027A9D307}.Debug|x64.Build.0 = Debug|x64
		{C3C85B67-282B-4D19-AF64-0EE027A9D307}.Release|Any CPU.ActiveCfg = Release|Any CPU
		{C3C85B67-282B-4D19-AF64-0EE027A9D307}.Release|Any CPU.Build.0 = Release|Any CPU
		{C3C85B67-282B-4D19-AF64-0EE027A9D307}.Release|x64.ActiveCfg = Release|x64
		{C3C85B67-282B-4D19-AF64-0EE027A9D307}.Release|x64.Build.0 = Release|x64
		{98AC1F49-CE2F-4294-8FAD-1A287B0E7824}.Debug|Any CPU.ActiveCfg = Debug|Any CPU
		{98AC1F49-CE2F-4294-8FAD-1A287B0E7824}.Debug|Any CPU.Build.0 = Debug|Any CPU
		{98AC1F49-CE2F-4294-8FAD-1A287B0E7824}.Debug|x64.ActiveCfg = Debug|x64
		{98AC1F49-CE2F-4294-8FAD-1A287B0E7824}.Debug|x64.Build.0 = Debug|x64
		{98AC1F49-CE2F-4294-8FAD-1A287B0E7824}.Release|Any CPU.ActiveCfg = Release|Any CPU
		{98AC1F49-CE2F-4294-8FAD-1A287B0E7824}.Release|Any CPU.Build.0 = Release|Any CPU
		{98AC1F49-CE2F-4294-8FAD-1A287B0E7824}.Release|x64.ActiveCfg = Release|x64
		{98AC1F49-CE2F-4294-8FAD-1A287B0E7824}.Release|x64.Build.0 = Release|x64
		{BE41A067-66B6-4F13-AABA-910D4B8F567A}.Debug|Any CPU.ActiveCfg = Debug|Any CPU
		{BE41A067-66B6-4F13-AABA-910D4B8F567A}.Debug|Any CPU.Build.0 = Debug|Any CPU
		{BE41A067-66B6-4F13-AABA-910D4B8F567A}.Debug|x64.ActiveCfg = Debug|Any CPU
		{BE41A067-66B6-4F13-AABA-910D4B8F567A}.Debug|x64.Build.0 = Debug|Any CPU
		{BE41A067-66B6-4F13-AABA-910D4B8F567A}.Release|Any CPU.ActiveCfg = Release|Any CPU
		{BE41A067-66B6-4F13-AABA-910D4B8F567A}.Release|Any CPU.Build.0 = Release|Any CPU
		{BE41A067-66B6-4F13-AABA-910D4B8F567A}.Release|x64.ActiveCfg = Release|Any CPU
		{BE41A067-66B6-4F13-AABA-910D4B8F567A}.Release|x64.Build.0 = Release|Any CPU
		{8B686C6D-D3DA-4019-B4B7-A0643F17A7F7}.Debug|Any CPU.ActiveCfg = Debug|x64
		{8B686C6D-D3DA-4019-B4B7-A0643F17A7F7}.Debug|x64.ActiveCfg = Debug|x64
		{8B686C6D-D3DA-4019-B4B7-A0643F17A7F7}.Release|Any CPU.ActiveCfg = Release|x64
		{8B686C6D-D3DA-4019-B4B7-A0643F17A7F7}.Release|x64.ActiveCfg = Release|x64
		{2485B22B-5C46-46F1-A466-F8A5B7E28C64}.Debug|Any CPU.ActiveCfg = Debug|Any CPU
		{2485B22B-5C46-46F1-A466-F8A5B7E28C64}.Debug|Any CPU.Build.0 = Debug|Any CPU
		{2485B22B-5C46-46F1-A466-F8A5B7E28C64}.Debug|x64.ActiveCfg = Debug|x64
		{2485B22B-5C46-46F1-A466-F8A5B7E28C64}.Debug|x64.Build.0 = Debug|x64
		{2485B22B-5C46-46F1-A466-F8A5B7E28C64}.Release|Any CPU.ActiveCfg = Release|Any CPU
		{2485B22B-5C46-46F1-A466-F8A5B7E28C64}.Release|Any CPU.Build.0 = Release|Any CPU
		{2485B22B-5C46-46F1-A466-F8A5B7E28C64}.Release|x64.ActiveCfg = Release|x64
		{2485B22B-5C46-46F1-A466-F8A5B7E28C64}.Release|x64.Build.0 = Release|x64
		{F05E2E47-8F9B-4C41-827A-2BBC23C1B276}.Debug|Any CPU.ActiveCfg = Debug|Any CPU
		{F05E2E47-8F9B-4C41-827A-2BBC23C1B276}.Debug|Any CPU.Build.0 = Debug|Any CPU
		{F05E2E47-8F9B-4C41-827A-2BBC23C1B276}.Debug|x64.ActiveCfg = Debug|x64
		{F05E2E47-8F9B-4C41-827A-2BBC23C1B276}.Debug|x64.Build.0 = Debug|x64
		{F05E2E47-8F9B-4C41-827A-2BBC23C1B276}.Release|Any CPU.ActiveCfg = Release|Any CPU
		{F05E2E47-8F9B-4C41-827A-2BBC23C1B276}.Release|Any CPU.Build.0 = Release|Any CPU
		{F05E2E47-8F9B-4C41-827A-2BBC23C1B276}.Release|x64.ActiveCfg = Release|x64
		{F05E2E47-8F9B-4C41-827A-2BBC23C1B276}.Release|x64.Build.0 = Release|x64
		{2FECA817-61F1-4E33-8CDC-2918B87CA5EF}.Debug|Any CPU.ActiveCfg = Debug|Any CPU
		{2FECA817-61F1-4E33-8CDC-2918B87CA5EF}.Debug|Any CPU.Build.0 = Debug|Any CPU
		{2FECA817-61F1-4E33-8CDC-2918B87CA5EF}.Debug|x64.ActiveCfg = Debug|x64
		{2FECA817-61F1-4E33-8CDC-2918B87CA5EF}.Debug|x64.Build.0 = Debug|x64
		{2FECA817-61F1-4E33-8CDC-2918B87CA5EF}.Release|Any CPU.ActiveCfg = Release|Any CPU
		{2FECA817-61F1-4E33-8CDC-2918B87CA5EF}.Release|Any CPU.Build.0 = Release|Any CPU
		{2FECA817-61F1-4E33-8CDC-2918B87CA5EF}.Release|x64.ActiveCfg = Release|x64
		{2FECA817-61F1-4E33-8CDC-2918B87CA5EF}.Release|x64.Build.0 = Release|x64
		{1EACE557-C098-4146-AEB8-89B0AEC6A823}.Debug|Any CPU.ActiveCfg = Debug|Any CPU
		{1EACE557-C098-4146-AEB8-89B0AEC6A823}.Debug|Any CPU.Build.0 = Debug|Any CPU
		{1EACE557-C098-4146-AEB8-89B0AEC6A823}.Debug|x64.ActiveCfg = Debug|x64
		{1EACE557-C098-4146-AEB8-89B0AEC6A823}.Debug|x64.Build.0 = Debug|x64
		{1EACE557-C098-4146-AEB8-89B0AEC6A823}.Release|Any CPU.ActiveCfg = Release|Any CPU
		{1EACE557-C098-4146-AEB8-89B0AEC6A823}.Release|Any CPU.Build.0 = Release|Any CPU
		{1EACE557-C098-4146-AEB8-89B0AEC6A823}.Release|x64.ActiveCfg = Release|x64
		{1EACE557-C098-4146-AEB8-89B0AEC6A823}.Release|x64.Build.0 = Release|x64
	EndGlobalSection
	GlobalSection(SolutionProperties) = preSolution
		HideSolutionNode = FALSE
	EndGlobalSection
	GlobalSection(ExtensibilityGlobals) = postSolution
		SolutionGuid = {DBDF0304-2906-4429-8BFE-46A0F4F91D1B}
	EndGlobalSection
EndGlobal
