Microsoft Visual Studio Solution File, Format Version 12.00
# Visual Studio Version 17
VisualStudioVersion = 17.3.32929.385
MinimumVisualStudioVersion = 10.0.40219.1
Project("{9A19103F-16F7-4668-BE54-9A1E7A4F7556}") = "Morphic.WindowsNative", "Morphic.WindowsNative\Morphic.WindowsNative.csproj", "{169B0098-ACD9-4D2B-AD03-4FA49FC294A1}"
EndProject
Project("{930C7802-8A8C-48F9-8165-68863BCCD9DD}") = "Morphic.Setup", "Morphic.Setup\Morphic.Setup.wixproj", "{8B686C6D-D3DA-4019-B4B7-A0643F17A7F7}"
EndProject
Project("{9A19103F-16F7-4668-BE54-9A1E7A4F7556}") = "Morphic.Client", "Morphic.Client\Morphic.Client.csproj", "{2485B22B-5C46-46F1-A466-F8A5B7E28C64}"
EndProject
Project("{9A19103F-16F7-4668-BE54-9A1E7A4F7556}") = "Morphic.Core.Legacy", "Morphic.Core.Legacy\Morphic.Core.Legacy.csproj", "{F05E2E47-8F9B-4C41-827A-2BBC23C1B276}"
EndProject
Project("{9A19103F-16F7-4668-BE54-9A1E7A4F7556}") = "Morphic.Core.Tests", "Morphic.Core.Tests\Morphic.Core.Tests.csproj", "{2FECA817-61F1-4E33-8CDC-2918B87CA5EF}"
EndProject
Project("{9A19103F-16F7-4668-BE54-9A1E7A4F7556}") = "Morphic.Settings", "Morphic.Settings\Morphic.Settings.csproj", "{1EACE557-C098-4146-AEB8-89B0AEC6A823}"
EndProject
Project("{9A19103F-16F7-4668-BE54-9A1E7A4F7556}") = "Morphic.Service", "Morphic.Service\Morphic.Service.csproj", "{0EA68CD3-D490-48D2-AA7B-B9B170E90E6B}"
EndProject
Project("{9A19103F-16F7-4668-BE54-9A1E7A4F7556}") = "Morphic.Settings.Tests", "Morphic.Settings.Tests\Morphic.Settings.Tests.csproj", "{50E1A6E4-5F38-4CE0-B0AF-2AFDBE8224BF}"
EndProject
Project("{9A19103F-16F7-4668-BE54-9A1E7A4F7556}") = "Morphic.ManualTester", "Morphic.ManualTester\Morphic.ManualTester.csproj", "{42DE4B6C-861D-4B1A-BB14-EE592CEF89CF}"
EndProject
Project("{9A19103F-16F7-4668-BE54-9A1E7A4F7556}") = "Morphic.ManualTesterCLI", "Morphic.ManualTesterCLI\Morphic.ManualTesterCLI.csproj", "{B30066D3-AB07-429A-BB97-1E57EE587B12}"
EndProject
Project("{9A19103F-16F7-4668-BE54-9A1E7A4F7556}") = "Morphic.Integrations.Office", "Morphic.Integrations.Office\Morphic.Integrations.Office.csproj", "{D91EF666-04FB-4AC3-BBB8-A96C3E97BE72}"
EndProject
Project("{9A19103F-16F7-4668-BE54-9A1E7A4F7556}") = "Morphic.Controls", "Morphic.Controls\Morphic.Controls.csproj", "{2AF5B336-8D00-40E8-8C3C-398E6934F2FC}"
EndProject
Project("{B7DD6F7E-DEF8-4E67-B5B7-07EF123DB6F0}") = "Morphic.Setup.Enterprise", "Morphic.Setup.Enterprise\Morphic.Setup.Enterprise.wixproj", "{FEE9766B-69F3-48A1-9087-64B460E4BFC7}"
EndProject
Global
	GlobalSection(SolutionConfigurationPlatforms) = preSolution
		Debug|ARM64 = Debug|ARM64
		Debug|x64 = Debug|x64
		Debug|x86 = Debug|x86
		Release|ARM64 = Release|ARM64
		Release|x64 = Release|x64
		Release|x86 = Release|x86
	EndGlobalSection
	GlobalSection(ProjectConfigurationPlatforms) = postSolution
		{169B0098-ACD9-4D2B-AD03-4FA49FC294A1}.Debug|ARM64.ActiveCfg = Debug|ARM64
		{169B0098-ACD9-4D2B-AD03-4FA49FC294A1}.Debug|ARM64.Build.0 = Debug|ARM64
		{169B0098-ACD9-4D2B-AD03-4FA49FC294A1}.Debug|x64.ActiveCfg = Debug|x64
		{169B0098-ACD9-4D2B-AD03-4FA49FC294A1}.Debug|x64.Build.0 = Debug|x64
		{169B0098-ACD9-4D2B-AD03-4FA49FC294A1}.Debug|x86.ActiveCfg = Debug|x86
		{169B0098-ACD9-4D2B-AD03-4FA49FC294A1}.Debug|x86.Build.0 = Debug|x86
		{169B0098-ACD9-4D2B-AD03-4FA49FC294A1}.Release|ARM64.ActiveCfg = Release|ARM64
		{169B0098-ACD9-4D2B-AD03-4FA49FC294A1}.Release|ARM64.Build.0 = Release|ARM64
		{169B0098-ACD9-4D2B-AD03-4FA49FC294A1}.Release|x64.ActiveCfg = Release|x64
		{169B0098-ACD9-4D2B-AD03-4FA49FC294A1}.Release|x64.Build.0 = Release|x64
		{169B0098-ACD9-4D2B-AD03-4FA49FC294A1}.Release|x86.ActiveCfg = Release|x86
		{169B0098-ACD9-4D2B-AD03-4FA49FC294A1}.Release|x86.Build.0 = Release|x86
		{8B686C6D-D3DA-4019-B4B7-A0643F17A7F7}.Debug|ARM64.ActiveCfg = Debug|x64
		{8B686C6D-D3DA-4019-B4B7-A0643F17A7F7}.Debug|x64.ActiveCfg = Debug|x64
		{8B686C6D-D3DA-4019-B4B7-A0643F17A7F7}.Debug|x64.Build.0 = Debug|x64
		{8B686C6D-D3DA-4019-B4B7-A0643F17A7F7}.Debug|x86.ActiveCfg = Debug|x64
		{8B686C6D-D3DA-4019-B4B7-A0643F17A7F7}.Release|ARM64.ActiveCfg = Release|x64
		{8B686C6D-D3DA-4019-B4B7-A0643F17A7F7}.Release|x64.ActiveCfg = Debug|x64
		{8B686C6D-D3DA-4019-B4B7-A0643F17A7F7}.Release|x64.Build.0 = Debug|x64
		{8B686C6D-D3DA-4019-B4B7-A0643F17A7F7}.Release|x86.ActiveCfg = Release|x64
		{2485B22B-5C46-46F1-A466-F8A5B7E28C64}.Debug|ARM64.ActiveCfg = Debug|ARM64
		{2485B22B-5C46-46F1-A466-F8A5B7E28C64}.Debug|ARM64.Build.0 = Debug|ARM64
		{2485B22B-5C46-46F1-A466-F8A5B7E28C64}.Debug|x64.ActiveCfg = Debug|x64
		{2485B22B-5C46-46F1-A466-F8A5B7E28C64}.Debug|x64.Build.0 = Debug|x64
		{2485B22B-5C46-46F1-A466-F8A5B7E28C64}.Debug|x86.ActiveCfg = Debug|x86
		{2485B22B-5C46-46F1-A466-F8A5B7E28C64}.Debug|x86.Build.0 = Debug|x86
		{2485B22B-5C46-46F1-A466-F8A5B7E28C64}.Release|ARM64.ActiveCfg = Release|ARM64
		{2485B22B-5C46-46F1-A466-F8A5B7E28C64}.Release|ARM64.Build.0 = Release|ARM64
		{2485B22B-5C46-46F1-A466-F8A5B7E28C64}.Release|x64.ActiveCfg = Release|x64
		{2485B22B-5C46-46F1-A466-F8A5B7E28C64}.Release|x64.Build.0 = Release|x64
		{2485B22B-5C46-46F1-A466-F8A5B7E28C64}.Release|x86.ActiveCfg = Release|x86
		{2485B22B-5C46-46F1-A466-F8A5B7E28C64}.Release|x86.Build.0 = Release|x86
		{F05E2E47-8F9B-4C41-827A-2BBC23C1B276}.Debug|ARM64.ActiveCfg = Debug|Any CPU
		{F05E2E47-8F9B-4C41-827A-2BBC23C1B276}.Debug|ARM64.Build.0 = Debug|Any CPU
		{F05E2E47-8F9B-4C41-827A-2BBC23C1B276}.Debug|x64.ActiveCfg = Debug|Any CPU
		{F05E2E47-8F9B-4C41-827A-2BBC23C1B276}.Debug|x64.Build.0 = Debug|Any CPU
		{F05E2E47-8F9B-4C41-827A-2BBC23C1B276}.Debug|x86.ActiveCfg = Debug|Any CPU
		{F05E2E47-8F9B-4C41-827A-2BBC23C1B276}.Debug|x86.Build.0 = Debug|Any CPU
		{F05E2E47-8F9B-4C41-827A-2BBC23C1B276}.Release|ARM64.ActiveCfg = Release|Any CPU
		{F05E2E47-8F9B-4C41-827A-2BBC23C1B276}.Release|ARM64.Build.0 = Release|Any CPU
		{F05E2E47-8F9B-4C41-827A-2BBC23C1B276}.Release|x64.ActiveCfg = Release|Any CPU
		{F05E2E47-8F9B-4C41-827A-2BBC23C1B276}.Release|x64.Build.0 = Release|Any CPU
		{F05E2E47-8F9B-4C41-827A-2BBC23C1B276}.Release|x86.ActiveCfg = Release|Any CPU
		{F05E2E47-8F9B-4C41-827A-2BBC23C1B276}.Release|x86.Build.0 = Release|Any CPU
		{2FECA817-61F1-4E33-8CDC-2918B87CA5EF}.Debug|ARM64.ActiveCfg = Debug|Any CPU
		{2FECA817-61F1-4E33-8CDC-2918B87CA5EF}.Debug|ARM64.Build.0 = Debug|Any CPU
		{2FECA817-61F1-4E33-8CDC-2918B87CA5EF}.Debug|x64.ActiveCfg = Debug|Any CPU
		{2FECA817-61F1-4E33-8CDC-2918B87CA5EF}.Debug|x64.Build.0 = Debug|Any CPU
		{2FECA817-61F1-4E33-8CDC-2918B87CA5EF}.Debug|x86.ActiveCfg = Debug|Any CPU
		{2FECA817-61F1-4E33-8CDC-2918B87CA5EF}.Debug|x86.Build.0 = Debug|Any CPU
		{2FECA817-61F1-4E33-8CDC-2918B87CA5EF}.Release|ARM64.ActiveCfg = Release|Any CPU
		{2FECA817-61F1-4E33-8CDC-2918B87CA5EF}.Release|ARM64.Build.0 = Release|Any CPU
		{2FECA817-61F1-4E33-8CDC-2918B87CA5EF}.Release|x64.ActiveCfg = Release|Any CPU
		{2FECA817-61F1-4E33-8CDC-2918B87CA5EF}.Release|x64.Build.0 = Release|Any CPU
		{2FECA817-61F1-4E33-8CDC-2918B87CA5EF}.Release|x86.ActiveCfg = Release|Any CPU
		{2FECA817-61F1-4E33-8CDC-2918B87CA5EF}.Release|x86.Build.0 = Release|Any CPU
		{1EACE557-C098-4146-AEB8-89B0AEC6A823}.Debug|ARM64.ActiveCfg = Debug|ARM64
		{1EACE557-C098-4146-AEB8-89B0AEC6A823}.Debug|ARM64.Build.0 = Debug|ARM64
		{1EACE557-C098-4146-AEB8-89B0AEC6A823}.Debug|x64.ActiveCfg = Debug|x64
		{1EACE557-C098-4146-AEB8-89B0AEC6A823}.Debug|x64.Build.0 = Debug|x64
		{1EACE557-C098-4146-AEB8-89B0AEC6A823}.Debug|x86.ActiveCfg = Debug|x86
		{1EACE557-C098-4146-AEB8-89B0AEC6A823}.Debug|x86.Build.0 = Debug|x86
		{1EACE557-C098-4146-AEB8-89B0AEC6A823}.Release|ARM64.ActiveCfg = Release|ARM64
		{1EACE557-C098-4146-AEB8-89B0AEC6A823}.Release|ARM64.Build.0 = Release|ARM64
		{1EACE557-C098-4146-AEB8-89B0AEC6A823}.Release|x64.ActiveCfg = Release|x64
		{1EACE557-C098-4146-AEB8-89B0AEC6A823}.Release|x64.Build.0 = Release|x64
		{1EACE557-C098-4146-AEB8-89B0AEC6A823}.Release|x86.ActiveCfg = Release|x86
		{1EACE557-C098-4146-AEB8-89B0AEC6A823}.Release|x86.Build.0 = Release|x86
		{0EA68CD3-D490-48D2-AA7B-B9B170E90E6B}.Debug|ARM64.ActiveCfg = Debug|ARM64
		{0EA68CD3-D490-48D2-AA7B-B9B170E90E6B}.Debug|ARM64.Build.0 = Debug|ARM64
		{0EA68CD3-D490-48D2-AA7B-B9B170E90E6B}.Debug|x64.ActiveCfg = Debug|x64
		{0EA68CD3-D490-48D2-AA7B-B9B170E90E6B}.Debug|x64.Build.0 = Debug|x64
		{0EA68CD3-D490-48D2-AA7B-B9B170E90E6B}.Debug|x86.ActiveCfg = Debug|x86
		{0EA68CD3-D490-48D2-AA7B-B9B170E90E6B}.Debug|x86.Build.0 = Debug|x86
		{0EA68CD3-D490-48D2-AA7B-B9B170E90E6B}.Release|ARM64.ActiveCfg = Release|ARM64
		{0EA68CD3-D490-48D2-AA7B-B9B170E90E6B}.Release|ARM64.Build.0 = Release|ARM64
		{0EA68CD3-D490-48D2-AA7B-B9B170E90E6B}.Release|x64.ActiveCfg = Release|x64
		{0EA68CD3-D490-48D2-AA7B-B9B170E90E6B}.Release|x64.Build.0 = Release|x64
		{0EA68CD3-D490-48D2-AA7B-B9B170E90E6B}.Release|x86.ActiveCfg = Release|x86
		{0EA68CD3-D490-48D2-AA7B-B9B170E90E6B}.Release|x86.Build.0 = Release|x86
		{50E1A6E4-5F38-4CE0-B0AF-2AFDBE8224BF}.Debug|ARM64.ActiveCfg = Debug|ARM64
		{50E1A6E4-5F38-4CE0-B0AF-2AFDBE8224BF}.Debug|ARM64.Build.0 = Debug|ARM64
		{50E1A6E4-5F38-4CE0-B0AF-2AFDBE8224BF}.Debug|x64.ActiveCfg = Debug|x64
		{50E1A6E4-5F38-4CE0-B0AF-2AFDBE8224BF}.Debug|x64.Build.0 = Debug|x64
		{50E1A6E4-5F38-4CE0-B0AF-2AFDBE8224BF}.Debug|x86.ActiveCfg = Debug|x86
		{50E1A6E4-5F38-4CE0-B0AF-2AFDBE8224BF}.Debug|x86.Build.0 = Debug|x86
		{50E1A6E4-5F38-4CE0-B0AF-2AFDBE8224BF}.Release|ARM64.ActiveCfg = Release|ARM64
		{50E1A6E4-5F38-4CE0-B0AF-2AFDBE8224BF}.Release|ARM64.Build.0 = Release|ARM64
		{50E1A6E4-5F38-4CE0-B0AF-2AFDBE8224BF}.Release|x64.ActiveCfg = Release|x64
		{50E1A6E4-5F38-4CE0-B0AF-2AFDBE8224BF}.Release|x64.Build.0 = Release|x64
		{50E1A6E4-5F38-4CE0-B0AF-2AFDBE8224BF}.Release|x86.ActiveCfg = Release|x86
		{50E1A6E4-5F38-4CE0-B0AF-2AFDBE8224BF}.Release|x86.Build.0 = Release|x86
		{42DE4B6C-861D-4B1A-BB14-EE592CEF89CF}.Debug|ARM64.ActiveCfg = Debug|ARM64
		{42DE4B6C-861D-4B1A-BB14-EE592CEF89CF}.Debug|ARM64.Build.0 = Debug|ARM64
		{42DE4B6C-861D-4B1A-BB14-EE592CEF89CF}.Debug|x64.ActiveCfg = Debug|x64
		{42DE4B6C-861D-4B1A-BB14-EE592CEF89CF}.Debug|x64.Build.0 = Debug|x64
		{42DE4B6C-861D-4B1A-BB14-EE592CEF89CF}.Debug|x86.ActiveCfg = Debug|x86
		{42DE4B6C-861D-4B1A-BB14-EE592CEF89CF}.Debug|x86.Build.0 = Debug|x86
		{42DE4B6C-861D-4B1A-BB14-EE592CEF89CF}.Release|ARM64.ActiveCfg = Release|ARM64
		{42DE4B6C-861D-4B1A-BB14-EE592CEF89CF}.Release|ARM64.Build.0 = Release|ARM64
		{42DE4B6C-861D-4B1A-BB14-EE592CEF89CF}.Release|x64.ActiveCfg = Release|x64
		{42DE4B6C-861D-4B1A-BB14-EE592CEF89CF}.Release|x64.Build.0 = Release|x64
		{42DE4B6C-861D-4B1A-BB14-EE592CEF89CF}.Release|x86.ActiveCfg = Release|x86
		{42DE4B6C-861D-4B1A-BB14-EE592CEF89CF}.Release|x86.Build.0 = Release|x86
		{B30066D3-AB07-429A-BB97-1E57EE587B12}.Debug|ARM64.ActiveCfg = Debug|ARM64
		{B30066D3-AB07-429A-BB97-1E57EE587B12}.Debug|ARM64.Build.0 = Debug|ARM64
		{B30066D3-AB07-429A-BB97-1E57EE587B12}.Debug|x64.ActiveCfg = Debug|x64
		{B30066D3-AB07-429A-BB97-1E57EE587B12}.Debug|x64.Build.0 = Debug|x64
		{B30066D3-AB07-429A-BB97-1E57EE587B12}.Debug|x86.ActiveCfg = Debug|x86
		{B30066D3-AB07-429A-BB97-1E57EE587B12}.Debug|x86.Build.0 = Debug|x86
		{B30066D3-AB07-429A-BB97-1E57EE587B12}.Release|ARM64.ActiveCfg = Release|ARM64
		{B30066D3-AB07-429A-BB97-1E57EE587B12}.Release|ARM64.Build.0 = Release|ARM64
		{B30066D3-AB07-429A-BB97-1E57EE587B12}.Release|x64.ActiveCfg = Release|x64
		{B30066D3-AB07-429A-BB97-1E57EE587B12}.Release|x64.Build.0 = Release|x64
		{B30066D3-AB07-429A-BB97-1E57EE587B12}.Release|x86.ActiveCfg = Release|x86
		{B30066D3-AB07-429A-BB97-1E57EE587B12}.Release|x86.Build.0 = Release|x86
		{D91EF666-04FB-4AC3-BBB8-A96C3E97BE72}.Debug|ARM64.ActiveCfg = Debug|ARM64
		{D91EF666-04FB-4AC3-BBB8-A96C3E97BE72}.Debug|ARM64.Build.0 = Debug|ARM64
		{D91EF666-04FB-4AC3-BBB8-A96C3E97BE72}.Debug|x64.ActiveCfg = Debug|x64
		{D91EF666-04FB-4AC3-BBB8-A96C3E97BE72}.Debug|x64.Build.0 = Debug|x64
		{D91EF666-04FB-4AC3-BBB8-A96C3E97BE72}.Debug|x86.ActiveCfg = Debug|x86
		{D91EF666-04FB-4AC3-BBB8-A96C3E97BE72}.Debug|x86.Build.0 = Debug|x86
		{D91EF666-04FB-4AC3-BBB8-A96C3E97BE72}.Release|ARM64.ActiveCfg = Release|ARM64
		{D91EF666-04FB-4AC3-BBB8-A96C3E97BE72}.Release|ARM64.Build.0 = Release|ARM64
		{D91EF666-04FB-4AC3-BBB8-A96C3E97BE72}.Release|x64.ActiveCfg = Release|x64
		{D91EF666-04FB-4AC3-BBB8-A96C3E97BE72}.Release|x64.Build.0 = Release|x64
		{D91EF666-04FB-4AC3-BBB8-A96C3E97BE72}.Release|x86.ActiveCfg = Release|x86
		{D91EF666-04FB-4AC3-BBB8-A96C3E97BE72}.Release|x86.Build.0 = Release|x86
		{2AF5B336-8D00-40E8-8C3C-398E6934F2FC}.Debug|ARM64.ActiveCfg = Debug|ARM64
		{2AF5B336-8D00-40E8-8C3C-398E6934F2FC}.Debug|ARM64.Build.0 = Debug|ARM64
		{2AF5B336-8D00-40E8-8C3C-398E6934F2FC}.Debug|x64.ActiveCfg = Debug|x64
		{2AF5B336-8D00-40E8-8C3C-398E6934F2FC}.Debug|x64.Build.0 = Debug|x64
		{2AF5B336-8D00-40E8-8C3C-398E6934F2FC}.Debug|x86.ActiveCfg = Debug|x86
		{2AF5B336-8D00-40E8-8C3C-398E6934F2FC}.Debug|x86.Build.0 = Debug|x86
		{2AF5B336-8D00-40E8-8C3C-398E6934F2FC}.Release|ARM64.ActiveCfg = Release|ARM64
		{2AF5B336-8D00-40E8-8C3C-398E6934F2FC}.Release|ARM64.Build.0 = Release|ARM64
		{2AF5B336-8D00-40E8-8C3C-398E6934F2FC}.Release|x64.ActiveCfg = Release|x64
		{2AF5B336-8D00-40E8-8C3C-398E6934F2FC}.Release|x64.Build.0 = Release|x64
		{2AF5B336-8D00-40E8-8C3C-398E6934F2FC}.Release|x86.ActiveCfg = Release|x86
		{2AF5B336-8D00-40E8-8C3C-398E6934F2FC}.Release|x86.Build.0 = Release|x86
		{FEE9766B-69F3-48A1-9087-64B460E4BFC7}.Debug|ARM64.ActiveCfg = Debug|ARM64
		{FEE9766B-69F3-48A1-9087-64B460E4BFC7}.Debug|ARM64.Build.0 = Debug|ARM64
		{FEE9766B-69F3-48A1-9087-64B460E4BFC7}.Debug|x64.ActiveCfg = Debug|x64
		{FEE9766B-69F3-48A1-9087-64B460E4BFC7}.Debug|x64.Build.0 = Debug|x64
		{FEE9766B-69F3-48A1-9087-64B460E4BFC7}.Debug|x86.ActiveCfg = Debug|x86
		{FEE9766B-69F3-48A1-9087-64B460E4BFC7}.Debug|x86.Build.0 = Debug|x86
		{FEE9766B-69F3-48A1-9087-64B460E4BFC7}.Release|ARM64.ActiveCfg = Release|ARM64
		{FEE9766B-69F3-48A1-9087-64B460E4BFC7}.Release|ARM64.Build.0 = Release|ARM64
		{FEE9766B-69F3-48A1-9087-64B460E4BFC7}.Release|x64.ActiveCfg = Release|x64
		{FEE9766B-69F3-48A1-9087-64B460E4BFC7}.Release|x64.Build.0 = Release|x64
		{FEE9766B-69F3-48A1-9087-64B460E4BFC7}.Release|x86.ActiveCfg = Release|x86
		{FEE9766B-69F3-48A1-9087-64B460E4BFC7}.Release|x86.Build.0 = Release|x86
	EndGlobalSection
	GlobalSection(SolutionProperties) = preSolution
		HideSolutionNode = FALSE
	EndGlobalSection
	GlobalSection(ExtensibilityGlobals) = postSolution
		SolutionGuid = {DBDF0304-2906-4429-8BFE-46A0F4F91D1B}
	EndGlobalSection
EndGlobal
